# THIS IS AN AUTOGENERATED FILE. DO NOT EDIT THIS FILE DIRECTLY.
# yarn lockfile v1


bignumber.js@^9.3.0:
  version "9.3.0"
  resolved "https://registry.yarnpkg.com/bignumber.js/-/bignumber.js-9.3.0.tgz#bdba7e2a4c1a2eba08290e8dcad4f36393c92acd"
  integrity sha512-EM7aMFTXbptt/wZdMlBv2t8IViwQL+h6SLHosp8Yf0dqJMTnY6iL32opnAB6kAdL0SZPuvcAzFr31o0c/R3/RA==

google-protobuf@^3.21.4:
  version "3.21.4"
  resolved "https://registry.yarnpkg.com/google-protobuf/-/google-protobuf-3.21.4.tgz#2f933e8b6e5e9f8edde66b7be0024b68f77da6c9"
  integrity sha512-MnG7N936zcKTco4Jd2PX2U96Kf9PxygAPKBug+74LHzmHXmceN16MmRcdgZv+DGef/S9YvQAfRsNCn4cjf9yyQ==

grpc-web@^1.5.0:
  version "1.5.0"
  resolved "https://registry.yarnpkg.com/grpc-web/-/grpc-web-1.5.0.tgz#154e4007ab59a94bf7726b87ef6c5bd8815ecf6e"
  integrity sha512-y1tS3BBIoiVSzKTDF3Hm7E8hV2n7YY7pO0Uo7depfWJqKzWE+SKr0jvHNIJsJJYILQlpYShpi/DRJJMbosgDMQ==

typescript@^5.2.2:
  version "5.8.3"
  resolved "https://registry.yarnpkg.com/typescript/-/typescript-5.8.3.tgz#92f8a3e5e3cf497356f4178c34cd65a7f5e8440e"
  integrity sha512-p1diW6TqL9L07nNxvRMM7hMMw4c5XOo/1ibL4aAIGmSAt9slTE1Xgw5KWuof2uTOvCg9BY7ZRi+GaF+7sfgPeQ==
